// !$*UTF8*$!
{
	archiveVersion = 1;
	classes = {
	};
	objectVersion = 56;
	objects = {

/* Begin PBXBuildFile section */
		0BD494622A8689ED0023107A /* AppDelegate.swift in Sources */ = {isa = PBXBuildFile; fileRef = 0BD494612A8689ED0023107A /* AppDelegate.swift */; };
		0BD494642A8689ED0023107A /* SceneDelegate.swift in Sources */ = {isa = PBXBuildFile; fileRef = 0BD494632A8689ED0023107A /* SceneDelegate.swift */; };
		0BD494662A8689ED0023107A /* ViewController.swift in Sources */ = {isa = PBXBuildFile; fileRef = 0BD494652A8689ED0023107A /* ViewController.swift */; };
		0BD494692A8689ED0023107A /* Main.storyboard in Resources */ = {isa = PBXBuildFile; fileRef = 0BD494672A8689ED0023107A /* Main.storyboard */; };
		0BD4946C2A8689ED0023107A /* Coupski.xcdatamodeld in Sources */ = {isa = PBXBuildFile; fileRef = 0BD4946A2A8689ED0023107A /* Coupski.xcdatamodeld */; };
		0BD4946E2A8689EE0023107A /* Assets.xcassets in Resources */ = {isa = PBXBuildFile; fileRef = 0BD4946D2A8689EE0023107A /* Assets.xcassets */; };
		0BD494712A8689EE0023107A /* LaunchScreen.storyboard in Resources */ = {isa = PBXBuildFile; fileRef = 0BD4946F2A8689EE0023107A /* LaunchScreen.storyboard */; };
		0BD4947C2A8689EE0023107A /* CoupskiTests.swift in Sources */ = {isa = PBXBuildFile; fileRef = 0BD4947B2A8689EE0023107A /* CoupskiTests.swift */; };
		0BD494862A8689EE0023107A /* CoupskiUITests.swift in Sources */ = {isa = PBXBuildFile; fileRef = 0BD494852A8689EE0023107A /* CoupskiUITests.swift */; };
		0BD494882A8689EE0023107A /* CoupskiUITestsLaunchTests.swift in Sources */ = {isa = PBXBuildFile; fileRef = 0BD494872A8689EE0023107A /* CoupskiUITestsLaunchTests.swift */; };
		0BD494972A868F7D0023107A /* BaseNavigationController.swift in Sources */ = {isa = PBXBuildFile; fileRef = 0BD494962A868F7D0023107A /* BaseNavigationController.swift */; };
		0BD494992A8690430023107A /* Reach.swift in Sources */ = {isa = PBXBuildFile; fileRef = 0BD494982A8690430023107A /* Reach.swift */; };
		2878BFC608E273D5C76759B7 /* Pods_Coupski_CoupskiUITests.framework in Frameworks */ = {isa = PBXBuildFile; fileRef = EB3FF963B57ACB0E2F761B3A /* Pods_Coupski_CoupskiUITests.framework */; };
		3CD072E6B400F0808D896174 /* Pods_CoupskiTests.framework in Frameworks */ = {isa = PBXBuildFile; fileRef = AE578CDCFBB34A061A1AA0FD /* Pods_CoupskiTests.framework */; };
		77F596977B2F47D03A991A74 /* Pods_Coupski.framework in Frameworks */ = {isa = PBXBuildFile; fileRef = EE567BA05625B9214AFDB4CA /* Pods_Coupski.framework */; };
/* End PBXBuildFile section */

/* Begin PBXContainerItemProxy section */
		0BD494782A8689EE0023107A /* PBXContainerItemProxy */ = {
			isa = PBXContainerItemProxy;
			containerPortal = 0BD494562A8689ED0023107A /* Project object */;
			proxyType = 1;
			remoteGlobalIDString = 0BD4945D2A8689ED0023107A;
			remoteInfo = Coupski;
		};
		0BD494822A8689EE0023107A /* PBXContainerItemProxy */ = {
			isa = PBXContainerItemProxy;
			containerPortal = 0BD494562A8689ED0023107A /* Project object */;
			proxyType = 1;
			remoteGlobalIDString = 0BD4945D2A8689ED0023107A;
			remoteInfo = Coupski;
		};
/* End PBXContainerItemProxy section */

/* Begin PBXFileReference section */
		00C6C3CCAFC6AE4B48150D3F /* Pods-Coupski-CoupskiUITests.release.xcconfig */ = {isa = PBXFileReference; includeInIndex = 1; lastKnownFileType = text.xcconfig; name = "Pods-Coupski-CoupskiUITests.release.xcconfig"; path = "Target Support Files/Pods-Coupski-CoupskiUITests/Pods-Coupski-CoupskiUITests.release.xcconfig"; sourceTree = "<group>"; };
		0BD4945E2A8689ED0023107A /* Coupski.app */ = {isa = PBXFileReference; explicitFileType = wrapper.application; includeInIndex = 0; path = Coupski.app; sourceTree = BUILT_PRODUCTS_DIR; };
		0BD494612A8689ED0023107A /* AppDelegate.swift */ = {isa = PBXFileReference; lastKnownFileType = sourcecode.swift; path = AppDelegate.swift; sourceTree = "<group>"; };
		0BD494632A8689ED0023107A /* SceneDelegate.swift */ = {isa = PBXFileReference; lastKnownFileType = sourcecode.swift; path = SceneDelegate.swift; sourceTree = "<group>"; };
		0BD494652A8689ED0023107A /* ViewController.swift */ = {isa = PBXFileReference; lastKnownFileType = sourcecode.swift; path = ViewController.swift; sourceTree = "<group>"; };
		0BD494682A8689ED0023107A /* Base */ = {isa = PBXFileReference; lastKnownFileType = file.storyboard; name = Base; path = Base.lproj/Main.storyboard; sourceTree = "<group>"; };
		0BD4946B2A8689ED0023107A /* Coupski.xcdatamodel */ = {isa = PBXFileReference; lastKnownFileType = wrapper.xcdatamodel; path = Coupski.xcdatamodel; sourceTree = "<group>"; };
		0BD4946D2A8689EE0023107A /* Assets.xcassets */ = {isa = PBXFileReference; lastKnownFileType = folder.assetcatalog; path = Assets.xcassets; sourceTree = "<group>"; };
		0BD494702A8689EE0023107A /* Base */ = {isa = PBXFileReference; lastKnownFileType = file.storyboard; name = Base; path = Base.lproj/LaunchScreen.storyboard; sourceTree = "<group>"; };
		0BD494722A8689EE0023107A /* Info.plist */ = {isa = PBXFileReference; lastKnownFileType = text.plist.xml; path = Info.plist; sourceTree = "<group>"; };
		0BD494772A8689EE0023107A /* CoupskiTests.xctest */ = {isa = PBXFileReference; explicitFileType = wrapper.cfbundle; includeInIndex = 0; path = CoupskiTests.xctest; sourceTree = BUILT_PRODUCTS_DIR; };
		0BD4947B2A8689EE0023107A /* CoupskiTests.swift */ = {isa = PBXFileReference; lastKnownFileType = sourcecode.swift; path = CoupskiTests.swift; sourceTree = "<group>"; };
		0BD494812A8689EE0023107A /* CoupskiUITests.xctest */ = {isa = PBXFileReference; explicitFileType = wrapper.cfbundle; includeInIndex = 0; path = CoupskiUITests.xctest; sourceTree = BUILT_PRODUCTS_DIR; };
		0BD494852A8689EE0023107A /* CoupskiUITests.swift */ = {isa = PBXFileReference; lastKnownFileType = sourcecode.swift; path = CoupskiUITests.swift; sourceTree = "<group>"; };
		0BD494872A8689EE0023107A /* CoupskiUITestsLaunchTests.swift */ = {isa = PBXFileReference; lastKnownFileType = sourcecode.swift; path = CoupskiUITestsLaunchTests.swift; sourceTree = "<group>"; };
		0BD494962A868F7D0023107A /* BaseNavigationController.swift */ = {isa = PBXFileReference; lastKnownFileType = sourcecode.swift; path = BaseNavigationController.swift; sourceTree = "<group>"; };
		0BD494982A8690430023107A /* Reach.swift */ = {isa = PBXFileReference; lastKnownFileType = sourcecode.swift; path = Reach.swift; sourceTree = "<group>"; };
		31C88D42A6486A94D1A31AD6 /* Pods-Coupski-CoupskiUITests.debug.xcconfig */ = {isa = PBXFileReference; includeInIndex = 1; lastKnownFileType = text.xcconfig; name = "Pods-Coupski-CoupskiUITests.debug.xcconfig"; path = "Target Support Files/Pods-Coupski-CoupskiUITests/Pods-Coupski-CoupskiUITests.debug.xcconfig"; sourceTree = "<group>"; };
		737BAD3BB330D92F99063543 /* Pods-Coupski.release.xcconfig */ = {isa = PBXFileReference; includeInIndex = 1; lastKnownFileType = text.xcconfig; name = "Pods-Coupski.release.xcconfig"; path = "Target Support Files/Pods-Coupski/Pods-Coupski.release.xcconfig"; sourceTree = "<group>"; };
		99F09F2A6AA3D0B750D94C3F /* Pods-Coupski.debug.xcconfig */ = {isa = PBXFileReference; includeInIndex = 1; lastKnownFileType = text.xcconfig; name = "Pods-Coupski.debug.xcconfig"; path = "Target Support Files/Pods-Coupski/Pods-Coupski.debug.xcconfig"; sourceTree = "<group>"; };
		AE578CDCFBB34A061A1AA0FD /* Pods_CoupskiTests.framework */ = {isa = PBXFileReference; explicitFileType = wrapper.framework; includeInIndex = 0; path = Pods_CoupskiTests.framework; sourceTree = BUILT_PRODUCTS_DIR; };
		BCD2B81CC6C90652A5C65F02 /* Pods-CoupskiTests.debug.xcconfig */ = {isa = PBXFileReference; includeInIndex = 1; lastKnownFileType = text.xcconfig; name = "Pods-CoupskiTests.debug.xcconfig"; path = "Target Support Files/Pods-CoupskiTests/Pods-CoupskiTests.debug.xcconfig"; sourceTree = "<group>"; };
		C8D1F589EC3B8218EB7A03D0 /* Pods-CoupskiTests.release.xcconfig */ = {isa = PBXFileReference; includeInIndex = 1; lastKnownFileType = text.xcconfig; name = "Pods-CoupskiTests.release.xcconfig"; path = "Target Support Files/Pods-CoupskiTests/Pods-CoupskiTests.release.xcconfig"; sourceTree = "<group>"; };
		EB3FF963B57ACB0E2F761B3A /* Pods_Coupski_CoupskiUITests.framework */ = {isa = PBXFileReference; explicitFileType = wrapper.framework; includeInIndex = 0; path = Pods_Coupski_CoupskiUITests.framework; sourceTree = BUILT_PRODUCTS_DIR; };
		EE567BA05625B9214AFDB4CA /* Pods_Coupski.framework */ = {isa = PBXFileReference; explicitFileType = wrapper.framework; includeInIndex = 0; path = Pods_Coupski.framework; sourceTree = BUILT_PRODUCTS_DIR; };
/* End PBXFileReference section */

/* Begin PBXFrameworksBuildPhase section */
		0BD4945B2A8689ED0023107A /* Frameworks */ = {
			isa = PBXFrameworksBuildPhase;
			buildActionMask = 2147483647;
			files = (
				77F596977B2F47D03A991A74 /* Pods_Coupski.framework in Frameworks */,
			);
			runOnlyForDeploymentPostprocessing = 0;
		};
		0BD494742A8689EE0023107A /* Frameworks */ = {
			isa = PBXFrameworksBuildPhase;
			buildActionMask = 2147483647;
			files = (
				3CD072E6B400F0808D896174 /* Pods_CoupskiTests.framework in Frameworks */,
			);
			runOnlyForDeploymentPostprocessing = 0;
		};
		0BD4947E2A8689EE0023107A /* Frameworks */ = {
			isa = PBXFrameworksBuildPhase;
			buildActionMask = 2147483647;
			files = (
				2878BFC608E273D5C76759B7 /* Pods_Coupski_CoupskiUITests.framework in Frameworks */,
			);
			runOnlyForDeploymentPostprocessing = 0;
		};
/* End PBXFrameworksBuildPhase section */

/* Begin PBXGroup section */
		0BD494552A8689ED0023107A = {
			isa = PBXGroup;
			children = (
				0BD494602A8689ED0023107A /* Coupski */,
				0BD4947A2A8689EE0023107A /* CoupskiTests */,
				0BD494842A8689EE0023107A /* CoupskiUITests */,
				0BD4945F2A8689ED0023107A /* Products */,
				CAB7B8C1FFC06384220FF96C /* Pods */,
				1922D017F9286F81E51836E3 /* Frameworks */,
			);
			sourceTree = "<group>";
		};
		0BD4945F2A8689ED0023107A /* Products */ = {
			isa = PBXGroup;
			children = (
				0BD4945E2A8689ED0023107A /* Coupski.app */,
				0BD494772A8689EE0023107A /* CoupskiTests.xctest */,
				0BD494812A8689EE0023107A /* CoupskiUITests.xctest */,
			);
			name = Products;
			sourceTree = "<group>";
		};
		0BD494602A8689ED0023107A /* Coupski */ = {
			isa = PBXGroup;
			children = (
				0BD494942A868F5E0023107A /* Helpers */,
				0BD494612A8689ED0023107A /* AppDelegate.swift */,
				0BD494632A8689ED0023107A /* SceneDelegate.swift */,
				0BD494652A8689ED0023107A /* ViewController.swift */,
				0BD494672A8689ED0023107A /* Main.storyboard */,
				0BD4946D2A8689EE0023107A /* Assets.xcassets */,
				0BD4946F2A8689EE0023107A /* LaunchScreen.storyboard */,
				0BD494722A8689EE0023107A /* Info.plist */,
				0BD4946A2A8689ED0023107A /* Coupski.xcdatamodeld */,
			);
			path = Coupski;
			sourceTree = "<group>";
		};
		0BD4947A2A8689EE0023107A /* CoupskiTests */ = {
			isa = PBXGroup;
			children = (
				0BD4947B2A8689EE0023107A /* CoupskiTests.swift */,
			);
			path = CoupskiTests;
			sourceTree = "<group>";
		};
		0BD494842A8689EE0023107A /* CoupskiUITests */ = {
			isa = PBXGroup;
			children = (
				0BD494852A8689EE0023107A /* CoupskiUITests.swift */,
				0BD494872A8689EE0023107A /* CoupskiUITestsLaunchTests.swift */,
			);
			path = CoupskiUITests;
			sourceTree = "<group>";
		};
		0BD494942A868F5E0023107A /* Helpers */ = {
			isa = PBXGroup;
			children = (
				0BD494952A868F660023107A /* Extension */,
			);
			path = Helpers;
			sourceTree = "<group>";
		};
		0BD494952A868F660023107A /* Extension */ = {
			isa = PBXGroup;
			children = (
				0BD494962A868F7D0023107A /* BaseNavigationController.swift */,
				0BD494982A8690430023107A /* Reach.swift */,
			);
			path = Extension;
			sourceTree = "<group>";
		};
		1922D017F9286F81E51836E3 /* Frameworks */ = {
			isa = PBXGroup;
			children = (
				EE567BA05625B9214AFDB4CA /* Pods_Coupski.framework */,
				EB3FF963B57ACB0E2F761B3A /* Pods_Coupski_CoupskiUITests.framework */,
				AE578CDCFBB34A061A1AA0FD /* Pods_CoupskiTests.framework */,
			);
			name = Frameworks;
			sourceTree = "<group>";
		};
		CAB7B8C1FFC06384220FF96C /* Pods */ = {
			isa = PBXGroup;
			children = (
				99F09F2A6AA3D0B750D94C3F /* Pods-Coupski.debug.xcconfig */,
				737BAD3BB330D92F99063543 /* Pods-Coupski.release.xcconfig */,
				31C88D42A6486A94D1A31AD6 /* Pods-Coupski-CoupskiUITests.debug.xcconfig */,
				00C6C3CCAFC6AE4B48150D3F /* Pods-Coupski-CoupskiUITests.release.xcconfig */,
				BCD2B81CC6C90652A5C65F02 /* Pods-CoupskiTests.debug.xcconfig */,
				C8D1F589EC3B8218EB7A03D0 /* Pods-CoupskiTests.release.xcconfig */,
			);
			path = Pods;
			sourceTree = "<group>";
		};
/* End PBXGroup section */

/* Begin PBXNativeTarget section */
		0BD4945D2A8689ED0023107A /* Coupski */ = {
			isa = PBXNativeTarget;
			buildConfigurationList = 0BD4948B2A8689EE0023107A /* Build configuration list for PBXNativeTarget "Coupski" */;
			buildPhases = (
				FC2F550D9E39D74325C93091 /* [CP] Check Pods Manifest.lock */,
				0BD4945A2A8689ED0023107A /* Sources */,
				0BD4945B2A8689ED0023107A /* Frameworks */,
				0BD4945C2A8689ED0023107A /* Resources */,
				B45FD3BF5053698DB83D18B9 /* [CP] Embed Pods Frameworks */,
			);
			buildRules = (
			);
			dependencies = (
			);
			name = Coupski;
			productName = Coupski;
			productReference = 0BD4945E2A8689ED0023107A /* Coupski.app */;
			productType = "com.apple.product-type.application";
		};
		0BD494762A8689EE0023107A /* CoupskiTests */ = {
			isa = PBXNativeTarget;
			buildConfigurationList = 0BD4948E2A8689EE0023107A /* Build configuration list for PBXNativeTarget "CoupskiTests" */;
			buildPhases = (
				3BCB85AA47EA2D1C131EDC09 /* [CP] Check Pods Manifest.lock */,
				0BD494732A8689EE0023107A /* Sources */,
				0BD494742A8689EE0023107A /* Frameworks */,
				0BD494752A8689EE0023107A /* Resources */,
			);
			buildRules = (
			);
			dependencies = (
				0BD494792A8689EE0023107A /* PBXTargetDependency */,
			);
			name = CoupskiTests;
			productName = CoupskiTests;
			productReference = 0BD494772A8689EE0023107A /* CoupskiTests.xctest */;
			productType = "com.apple.product-type.bundle.unit-test";
		};
		0BD494802A8689EE0023107A /* CoupskiUITests */ = {
			isa = PBXNativeTarget;
			buildConfigurationList = 0BD494912A8689EE0023107A /* Build configuration list for PBXNativeTarget "CoupskiUITests" */;
			buildPhases = (
				C6C9F898B008CEC615DEB7FC /* [CP] Check Pods Manifest.lock */,
				0BD4947D2A8689EE0023107A /* Sources */,
				0BD4947E2A8689EE0023107A /* Frameworks */,
				0BD4947F2A8689EE0023107A /* Resources */,
				EADF38BE2287D4A336DCE0A6 /* [CP] Embed Pods Frameworks */,
			);
			buildRules = (
			);
			dependencies = (
				0BD494832A8689EE0023107A /* PBXTargetDependency */,
			);
			name = CoupskiUITests;
			productName = CoupskiUITests;
			productReference = 0BD494812A8689EE0023107A /* CoupskiUITests.xctest */;
			productType = "com.apple.product-type.bundle.ui-testing";
		};
/* End PBXNativeTarget section */

/* Begin PBXProject section */
		0BD494562A8689ED0023107A /* Project object */ = {
			isa = PBXProject;
			attributes = {
				BuildIndependentTargetsInParallel = 1;
				LastSwiftUpdateCheck = 1420;
				LastUpgradeCheck = 1420;
				TargetAttributes = {
					0BD4945D2A8689ED0023107A = {
						CreatedOnToolsVersion = 14.2;
					};
					0BD494762A8689EE0023107A = {
						CreatedOnToolsVersion = 14.2;
						TestTargetID = 0BD4945D2A8689ED0023107A;
					};
					0BD494802A8689EE0023107A = {
						CreatedOnToolsVersion = 14.2;
						TestTargetID = 0BD4945D2A8689ED0023107A;
					};
				};
			};
			buildConfigurationList = 0BD494592A8689ED0023107A /* Build configuration list for PBXProject "Coupski" */;
			compatibilityVersion = "Xcode 14.0";
			developmentRegion = en;
			hasScannedForEncodings = 0;
			knownRegions = (
				en,
				Base,
			);
			mainGroup = 0BD494552A8689ED0023107A;
			productRefGroup = 0BD4945F2A8689ED0023107A /* Products */;
			projectDirPath = "";
			projectRoot = "";
			targets = (
				0BD4945D2A8689ED0023107A /* Coupski */,
				0BD494762A8689EE0023107A /* CoupskiTests */,
				0BD494802A8689EE0023107A /* CoupskiUITests */,
			);
		};
/* End PBXProject section */

/* Begin PBXResourcesBuildPhase section */
		0BD4945C2A8689ED0023107A /* Resources */ = {
			isa = PBXResourcesBuildPhase;
			buildActionMask = 2147483647;
			files = (
				0BD494712A8689EE0023107A /* LaunchScreen.storyboard in Resources */,
				0BD4946E2A8689EE0023107A /* Assets.xcassets in Resources */,
				0BD494692A8689ED0023107A /* Main.storyboard in Resources */,
			);
			runOnlyForDeploymentPostprocessing = 0;
		};
		0BD494752A8689EE0023107A /* Resources */ = {
			isa = PBXResourcesBuildPhase;
			buildActionMask = 2147483647;
			files = (
			);
			runOnlyForDeploymentPostprocessing = 0;
		};
		0BD4947F2A8689EE0023107A /* Resources */ = {
			isa = PBXResourcesBuildPhase;
			buildActionMask = 2147483647;
			files = (
			);
			runOnlyForDeploymentPostprocessing = 0;
		};
/* End PBXResourcesBuildPhase section */

/* Begin PBXShellScriptBuildPhase section */
		3BCB85AA47EA2D1C131EDC09 /* [CP] Check Pods Manifest.lock */ = {
			isa = PBXShellScriptBuildPhase;
			buildActionMask = 2147483647;
			files = (
			);
			inputFileListPaths = (
			);
			inputPaths = (
				"${PODS_PODFILE_DIR_PATH}/Podfile.lock",
				"${PODS_ROOT}/Manifest.lock",
			);
			name = "[CP] Check Pods Manifest.lock";
			outputFileListPaths = (
			);
			outputPaths = (
				"$(DERIVED_FILE_DIR)/Pods-CoupskiTests-checkManifestLockResult.txt",
			);
			runOnlyForDeploymentPostprocessing = 0;
			shellPath = /bin/sh;
			shellScript = "diff \"${PODS_PODFILE_DIR_PATH}/Podfile.lock\" \"${PODS_ROOT}/Manifest.lock\" > /dev/null\nif [ $? != 0 ] ; then\n    # print error to STDERR\n    echo \"error: The sandbox is not in sync with the Podfile.lock. Run 'pod install' or update your CocoaPods installation.\" >&2\n    exit 1\nfi\n# This output is used by Xcode 'outputs' to avoid re-running this script phase.\necho \"SUCCESS\" > \"${SCRIPT_OUTPUT_FILE_0}\"\n";
			showEnvVarsInLog = 0;
		};
		B45FD3BF5053698DB83D18B9 /* [CP] Embed Pods Frameworks */ = {
			isa = PBXShellScriptBuildPhase;
			buildActionMask = 2147483647;
			files = (
			);
			inputFileListPaths = (
				"${PODS_ROOT}/Target Support Files/Pods-Coupski/Pods-Coupski-frameworks-${CONFIGURATION}-input-files.xcfilelist",
			);
			name = "[CP] Embed Pods Frameworks";
			outputFileListPaths = (
				"${PODS_ROOT}/Target Support Files/Pods-Coupski/Pods-Coupski-frameworks-${CONFIGURATION}-output-files.xcfilelist",
			);
			runOnlyForDeploymentPostprocessing = 0;
			shellPath = /bin/sh;
			shellScript = "\"${PODS_ROOT}/Target Support Files/Pods-Coupski/Pods-Coupski-frameworks.sh\"\n";
			showEnvVarsInLog = 0;
		};
		C6C9F898B008CEC615DEB7FC /* [CP] Check Pods Manifest.lock */ = {
			isa = PBXShellScriptBuildPhase;
			buildActionMask = 2147483647;
			files = (
			);
			inputFileListPaths = (
			);
			inputPaths = (
				"${PODS_PODFILE_DIR_PATH}/Podfile.lock",
				"${PODS_ROOT}/Manifest.lock",
			);
			name = "[CP] Check Pods Manifest.lock";
			outputFileListPaths = (
			);
			outputPaths = (
				"$(DERIVED_FILE_DIR)/Pods-Coupski-CoupskiUITests-checkManifestLockResult.txt",
			);
			runOnlyForDeploymentPostprocessing = 0;
			shellPath = /bin/sh;
			shellScript = "diff \"${PODS_PODFILE_DIR_PATH}/Podfile.lock\" \"${PODS_ROOT}/Manifest.lock\" > /dev/null\nif [ $? != 0 ] ; then\n    # print error to STDERR\n    echo \"error: The sandbox is not in sync with the Podfile.lock. Run 'pod install' or update your CocoaPods installation.\" >&2\n    exit 1\nfi\n# This output is used by Xcode 'outputs' to avoid re-running this script phase.\necho \"SUCCESS\" > \"${SCRIPT_OUTPUT_FILE_0}\"\n";
			showEnvVarsInLog = 0;
		};
		EADF38BE2287D4A336DCE0A6 /* [CP] Embed Pods Frameworks */ = {
			isa = PBXShellScriptBuildPhase;
			buildActionMask = 2147483647;
			files = (
			);
			inputFileListPaths = (
				"${PODS_ROOT}/Target Support Files/Pods-Coupski-CoupskiUITests/Pods-Coupski-CoupskiUITests-frameworks-${CONFIGURATION}-input-files.xcfilelist",
			);
			name = "[CP] Embed Pods Frameworks";
			outputFileListPaths = (
				"${PODS_ROOT}/Target Support Files/Pods-Coupski-CoupskiUITests/Pods-Coupski-CoupskiUITests-frameworks-${CONFIGURATION}-output-files.xcfilelist",
			);
			runOnlyForDeploymentPostprocessing = 0;
			shellPath = /bin/sh;
			shellScript = "\"${PODS_ROOT}/Target Support Files/Pods-Coupski-CoupskiUITests/Pods-Coupski-CoupskiUITests-frameworks.sh\"\n";
			showEnvVarsInLog = 0;
		};
		FC2F550D9E39D74325C93091 /* [CP] Check Pods Manifest.lock */ = {
			isa = PBXShellScriptBuildPhase;
			buildActionMask = 2147483647;
			files = (
			);
			inputFileListPaths = (
			);
			inputPaths = (
				"${PODS_PODFILE_DIR_PATH}/Podfile.lock",
				"${PODS_ROOT}/Manifest.lock",
			);
			name = "[CP] Check Pods Manifest.lock";
			outputFileListPaths = (
			);
			outputPaths = (
				"$(DERIVED_FILE_DIR)/Pods-Coupski-checkManifestLockResult.txt",
			);
			runOnlyForDeploymentPostprocessing = 0;
			shellPath = /bin/sh;
			shellScript = "diff \"${PODS_PODFILE_DIR_PATH}/Podfile.lock\" \"${PODS_ROOT}/Manifest.lock\" > /dev/null\nif [ $? != 0 ] ; then\n    # print error to STDERR\n    echo \"error: The sandbox is not in sync with the Podfile.lock. Run 'pod install' or update your CocoaPods installation.\" >&2\n    exit 1\nfi\n# This output is used by Xcode 'outputs' to avoid re-running this script phase.\necho \"SUCCESS\" > \"${SCRIPT_OUTPUT_FILE_0}\"\n";
			showEnvVarsInLog = 0;
		};
/* End PBXShellScriptBuildPhase section */

/* Begin PBXSourcesBuildPhase section */
		0BD4945A2A8689ED0023107A /* Sources */ = {
			isa = PBXSourcesBuildPhase;
			buildActionMask = 2147483647;
			files = (
				0BD494662A8689ED0023107A /* ViewController.swift in Sources */,
				0BD494992A8690430023107A /* Reach.swift in Sources */,
				0BD494622A8689ED0023107A /* AppDelegate.swift in Sources */,
				0BD4946C2A8689ED0023107A /* Coupski.xcdatamodeld in Sources */,
				0BD494972A868F7D0023107A /* BaseNavigationController.swift in Sources */,
				0BD494642A8689ED0023107A /* SceneDelegate.swift in Sources */,
			);
			runOnlyForDeploymentPostprocessing = 0;
		};
		0BD494732A8689EE0023107A /* Sources */ = {
			isa = PBXSourcesBuildPhase;
			buildActionMask = 2147483647;
			files = (
				0BD4947C2A8689EE0023107A /* CoupskiTests.swift in Sources */,
			);
			runOnlyForDeploymentPostprocessing = 0;
		};
		0BD4947D2A8689EE0023107A /* Sources */ = {
			isa = PBXSourcesBuildPhase;
			buildActionMask = 2147483647;
			files = (
				0BD494862A8689EE0023107A /* CoupskiUITests.swift in Sources */,
				0BD494882A8689EE0023107A /* CoupskiUITestsLaunchTests.swift in Sources */,
			);
			runOnlyForDeploymentPostprocessing = 0;
		};
/* End PBXSourcesBuildPhase section */

/* Begin PBXTargetDependency section */
		0BD494792A8689EE0023107A /* PBXTargetDependency */ = {
			isa = PBXTargetDependency;
			target = 0BD4945D2A8689ED0023107A /* Coupski */;
			targetProxy = 0BD494782A8689EE0023107A /* PBXContainerItemProxy */;
		};
		0BD494832A8689EE0023107A /* PBXTargetDependency */ = {
			isa = PBXTargetDependency;
			target = 0BD4945D2A8689ED0023107A /* Coupski */;
			targetProxy = 0BD494822A8689EE0023107A /* PBXContainerItemProxy */;
		};
/* End PBXTargetDependency section */

/* Begin PBXVariantGroup section */
		0BD494672A8689ED0023107A /* Main.storyboard */ = {
			isa = PBXVariantGroup;
			children = (
				0BD494682A8689ED0023107A /* Base */,
			);
			name = Main.storyboard;
			sourceTree = "<group>";
		};
		0BD4946F2A8689EE0023107A /* LaunchScreen.storyboard */ = {
			isa = PBXVariantGroup;
			children = (
				0BD494702A8689EE0023107A /* Base */,
			);
			name = LaunchScreen.storyboard;
			sourceTree = "<group>";
		};
/* End PBXVariantGroup section */

/* Begin XCBuildConfiguration section */
		0BD494892A8689EE0023107A /* Debug */ = {
			isa = XCBuildConfiguration;
			buildSettings = {
				ALWAYS_SEARCH_USER_PATHS = NO;
				CLANG_ANALYZER_NONNULL = YES;
				CLANG_ANALYZER_NUMBER_OBJECT_CONVERSION = YES_AGGRESSIVE;
				CLANG_CXX_LANGUAGE_STANDARD = "gnu++20";
				CLANG_ENABLE_MODULES = YES;
				CLANG_ENABLE_OBJC_ARC = YES;
				CLANG_ENABLE_OBJC_WEAK = YES;
				CLANG_WARN_BLOCK_CAPTURE_AUTORELEASING = YES;
				CLANG_WARN_BOOL_CONVERSION = YES;
				CLANG_WARN_COMMA = YES;
				CLANG_WARN_CONSTANT_CONVERSION = YES;
				CLANG_WARN_DEPRECATED_OBJC_IMPLEMENTATIONS = YES;
				CLANG_WARN_DIRECT_OBJC_ISA_USAGE = YES_ERROR;
				CLANG_WARN_DOCUMENTATION_COMMENTS = YES;
				CLANG_WARN_EMPTY_BODY = YES;
				CLANG_WARN_ENUM_CONVERSION = YES;
				CLANG_WARN_INFINITE_RECURSION = YES;
				CLANG_WARN_INT_CONVERSION = YES;
				CLANG_WARN_NON_LITERAL_NULL_CONVERSION = YES;
				CLANG_WARN_OBJC_IMPLICIT_RETAIN_SELF = YES;
				CLANG_WARN_OBJC_LITERAL_CONVERSION = YES;
				CLANG_WARN_OBJC_ROOT_CLASS = YES_ERROR;
				CLANG_WARN_QUOTED_INCLUDE_IN_FRAMEWORK_HEADER = YES;
				CLANG_WARN_RANGE_LOOP_ANALYSIS = YES;
				CLANG_WARN_STRICT_PROTOTYPES = YES;
				CLANG_WARN_SUSPICIOUS_MOVE = YES;
				CLANG_WARN_UNGUARDED_AVAILABILITY = YES_AGGRESSIVE;
				CLANG_WARN_UNREACHABLE_CODE = YES;
				CLANG_WARN__DUPLICATE_METHOD_MATCH = YES;
				COPY_PHASE_STRIP = NO;
				DEBUG_INFORMATION_FORMAT = dwarf;
				ENABLE_STRICT_OBJC_MSGSEND = YES;
				ENABLE_TESTABILITY = YES;
				GCC_C_LANGUAGE_STANDARD = gnu11;
				GCC_DYNAMIC_NO_PIC = NO;
				GCC_NO_COMMON_BLOCKS = YES;
				GCC_OPTIMIZATION_LEVEL = 0;
				GCC_PREPROCESSOR_DEFINITIONS = (
					"DEBUG=1",
					"$(inherited)",
				);
				GCC_WARN_64_TO_32_BIT_CONVERSION = YES;
				GCC_WARN_ABOUT_RETURN_TYPE = YES_ERROR;
				GCC_WARN_UNDECLARED_SELECTOR = YES;
				GCC_WARN_UNINITIALIZED_AUTOS = YES_AGGRESSIVE;
				GCC_WARN_UNUSED_FUNCTION = YES;
				GCC_WARN_UNUSED_VARIABLE = YES;
				IPHONEOS_DEPLOYMENT_TARGET = 16.2;
				MTL_ENABLE_DEBUG_INFO = INCLUDE_SOURCE;
				MTL_FAST_MATH = YES;
				ONLY_ACTIVE_ARCH = YES;
				SDKROOT = iphoneos;
				SWIFT_ACTIVE_COMPILATION_CONDITIONS = DEBUG;
				SWIFT_OPTIMIZATION_LEVEL = "-Onone";
			};
			name = Debug;
		};
		0BD4948A2A8689EE0023107A /* Release */ = {
			isa = XCBuildConfiguration;
			buildSettings = {
				ALWAYS_SEARCH_USER_PATHS = NO;
				CLANG_ANALYZER_NONNULL = YES;
				CLANG_ANALYZER_NUMBER_OBJECT_CONVERSION = YES_AGGRESSIVE;
				CLANG_CXX_LANGUAGE_STANDARD = "gnu++20";
				CLANG_ENABLE_MODULES = YES;
				CLANG_ENABLE_OBJC_ARC = YES;
				CLANG_ENABLE_OBJC_WEAK = YES;
				CLANG_WARN_BLOCK_CAPTURE_AUTORELEASING = YES;
				CLANG_WARN_BOOL_CONVERSION = YES;
				CLANG_WARN_COMMA = YES;
				CLANG_WARN_CONSTANT_CONVERSION = YES;
				CLANG_WARN_DEPRECATED_OBJC_IMPLEMENTATIONS = YES;
				CLANG_WARN_DIRECT_OBJC_ISA_USAGE = YES_ERROR;
				CLANG_WARN_DOCUMENTATION_COMMENTS = YES;
				CLANG_WARN_EMPTY_BODY = YES;
				CLANG_WARN_ENUM_CONVERSION = YES;
				CLANG_WARN_INFINITE_RECURSION = YES;
				CLANG_WARN_INT_CONVERSION = YES;
				CLANG_WARN_NON_LITERAL_NULL_CONVERSION = YES;
				CLANG_WARN_OBJC_IMPLICIT_RETAIN_SELF = YES;
				CLANG_WARN_OBJC_LITERAL_CONVERSION = YES;
				CLANG_WARN_OBJC_ROOT_CLASS = YES_ERROR;
				CLANG_WARN_QUOTED_INCLUDE_IN_FRAMEWORK_HEADER = YES;
				CLANG_WARN_RANGE_LOOP_ANALYSIS = YES;
				CLANG_WARN_STRICT_PROTOTYPES = YES;
				CLANG_WARN_SUSPICIOUS_MOVE = YES;
				CLANG_WARN_UNGUARDED_AVAILABILITY = YES_AGGRESSIVE;
				CLANG_WARN_UNREACHABLE_CODE = YES;
				CLANG_WARN__DUPLICATE_METHOD_MATCH = YES;
				COPY_PHASE_STRIP = NO;
				DEBUG_INFORMATION_FORMAT = "dwarf-with-dsym";
				ENABLE_NS_ASSERTIONS = NO;
				ENABLE_STRICT_OBJC_MSGSEND = YES;
				GCC_C_LANGUAGE_STANDARD = gnu11;
				GCC_NO_COMMON_BLOCKS = YES;
				GCC_WARN_64_TO_32_BIT_CONVERSION = YES;
				GCC_WARN_ABOUT_RETURN_TYPE = YES_ERROR;
				GCC_WARN_UNDECLARED_SELECTOR = YES;
				GCC_WARN_UNINITIALIZED_AUTOS = YES_AGGRESSIVE;
				GCC_WARN_UNUSED_FUNCTION = YES;
				GCC_WARN_UNUSED_VARIABLE = YES;
				IPHONEOS_DEPLOYMENT_TARGET = 16.2;
				MTL_ENABLE_DEBUG_INFO = NO;
				MTL_FAST_MATH = YES;
				SDKROOT = iphoneos;
				SWIFT_COMPILATION_MODE = wholemodule;
				SWIFT_OPTIMIZATION_LEVEL = "-O";
				VALIDATE_PRODUCT = YES;
			};
			name = Release;
		};
		0BD4948C2A8689EE0023107A /* Debug */ = {
			isa = XCBuildConfiguration;
			baseConfigurationReference = 99F09F2A6AA3D0B750D94C3F /* Pods-Coupski.debug.xcconfig */;
			buildSettings = {
				ASSETCATALOG_COMPILER_APPICON_NAME = AppIcon;
				ASSETCATALOG_COMPILER_GLOBAL_ACCENT_COLOR_NAME = AccentColor;
				CODE_SIGN_STYLE = Automatic;
				CURRENT_PROJECT_VERSION = 1;
				DEVELOPMENT_TEAM = 2LU5YZ7R3G;
				GENERATE_INFOPLIST_FILE = YES;
				INFOPLIST_FILE = Coupski/Info.plist;
				INFOPLIST_KEY_UIApplicationSupportsIndirectInputEvents = YES;
				INFOPLIST_KEY_UILaunchStoryboardName = LaunchScreen;
				INFOPLIST_KEY_UIMainStoryboardFile = Main;
				INFOPLIST_KEY_UISupportedInterfaceOrientations_iPad = "UIInterfaceOrientationPortrait UIInterfaceOrientationPortraitUpsideDown UIInterfaceOrientationLandscapeLeft UIInterfaceOrientationLandscapeRight";
				INFOPLIST_KEY_UISupportedInterfaceOrientations_iPhone = "UIInterfaceOrientationPortrait UIInterfaceOrientationLandscapeLeft UIInterfaceOrientationLandscapeRight";
				LD_RUNPATH_SEARCH_PATHS = (
					"$(inherited)",
					"@executable_path/Frameworks",
				);
				MARKETING_VERSION = 1.0;
				PRODUCT_BUNDLE_IDENTIFIER = com.stefanjivalino.Coupski;
				PRODUCT_NAME = "$(TARGET_NAME)";
				SWIFT_EMIT_LOC_STRINGS = YES;
				SWIFT_VERSION = 5.0;
				TARGETED_DEVICE_FAMILY = "1,2";
			};
			name = Debug;
		};
		0BD4948D2A8689EE0023107A /* Release */ = {
			isa = XCBuildConfiguration;
			baseConfigurationReference = 737BAD3BB330D92F99063543 /* Pods-Coupski.release.xcconfig */;
			buildSettings = {
				ASSETCATALOG_COMPILER_APPICON_NAME = AppIcon;
				ASSETCATALOG_COMPILER_GLOBAL_ACCENT_COLOR_NAME = AccentColor;
				CODE_SIGN_STYLE = Automatic;
				CURRENT_PROJECT_VERSION = 1;
				DEVELOPMENT_TEAM = 2LU5YZ7R3G;
				GENERATE_INFOPLIST_FILE = YES;
				INFOPLIST_FILE = Coupski/Info.plist;
				INFOPLIST_KEY_UIApplicationSupportsIndirectInputEvents = YES;
				INFOPLIST_KEY_UILaunchStoryboardName = LaunchScreen;
				INFOPLIST_KEY_UIMainStoryboardFile = Main;
				INFOPLIST_KEY_UISupportedInterfaceOrientations_iPad = "UIInterfaceOrientationPortrait UIInterfaceOrientationPortraitUpsideDown UIInterfaceOrientationLandscapeLeft UIInterfaceOrientationLandscapeRight";
				INFOPLIST_KEY_UISupportedInterfaceOrientations_iPhone = "UIInterfaceOrientationPortrait UIInterfaceOrientationLandscapeLeft UIInterfaceOrientationLandscapeRight";
				LD_RUNPATH_SEARCH_PATHS = (
					"$(inherited)",
					"@executable_path/Frameworks",
				);
				MARKETING_VERSION = 1.0;
				PRODUCT_BUNDLE_IDENTIFIER = com.stefanjivalino.Coupski;
				PRODUCT_NAME = "$(TARGET_NAME)";
				SWIFT_EMIT_LOC_STRINGS = YES;
				SWIFT_VERSION = 5.0;
				TARGETED_DEVICE_FAMILY = "1,2";
			};
			name = Release;
		};
		0BD4948F2A8689EE0023107A /* Debug */ = {
			isa = XCBuildConfiguration;
			baseConfigurationReference = BCD2B81CC6C90652A5C65F02 /* Pods-CoupskiTests.debug.xcconfig */;
			buildSettings = {
				ALWAYS_EMBED_SWIFT_STANDARD_LIBRARIES = YES;
				BUNDLE_LOADER = "$(TEST_HOST)";
				CODE_SIGN_STYLE = Automatic;
				CURRENT_PROJECT_VERSION = 1;
				DEVELOPMENT_TEAM = 2LU5YZ7R3G;
				GENERATE_INFOPLIST_FILE = YES;
				IPHONEOS_DEPLOYMENT_TARGET = 16.2;
				MARKETING_VERSION = 1.0;
				PRODUCT_BUNDLE_IDENTIFIER = com.stefanjivalino.CoupskiTests;
				PRODUCT_NAME = "$(TARGET_NAME)";
				SWIFT_EMIT_LOC_STRINGS = NO;
				SWIFT_VERSION = 5.0;
				TARGETED_DEVICE_FAMILY = "1,2";
				TEST_HOST = "$(BUILT_PRODUCTS_DIR)/Coupski.app/$(BUNDLE_EXECUTABLE_FOLDER_PATH)/Coupski";
			};
			name = Debug;
		};
		0BD494902A8689EE0023107A /* Release */ = {
			isa = XCBuildConfiguration;
			baseConfigurationReference = C8D1F589EC3B8218EB7A03D0 /* Pods-CoupskiTests.release.xcconfig */;
			buildSettings = {
				ALWAYS_EMBED_SWIFT_STANDARD_LIBRARIES = YES;
				BUNDLE_LOADER = "$(TEST_HOST)";
				CODE_SIGN_STYLE = Automatic;
				CURRENT_PROJECT_VERSION = 1;
				DEVELOPMENT_TEAM = 2LU5YZ7R3G;
				GENERATE_INFOPLIST_FILE = YES;
				IPHONEOS_DEPLOYMENT_TARGET = 16.2;
				MARKETING_VERSION = 1.0;
				PRODUCT_BUNDLE_IDENTIFIER = com.stefanjivalino.CoupskiTests;
				PRODUCT_NAME = "$(TARGET_NAME)";
				SWIFT_EMIT_LOC_STRINGS = NO;
				SWIFT_VERSION = 5.0;
				TARGETED_DEVICE_FAMILY = "1,2";
				TEST_HOST = "$(BUILT_PRODUCTS_DIR)/Coupski.app/$(BUNDLE_EXECUTABLE_FOLDER_PATH)/Coupski";
			};
			name = Release;
		};
		0BD494922A8689EE0023107A /* Debug */ = {
			isa = XCBuildConfiguration;
			baseConfigurationReference = 31C88D42A6486A94D1A31AD6 /* Pods-Coupski-CoupskiUITests.debug.xcconfig */;
			buildSettings = {
				ALWAYS_EMBED_SWIFT_STANDARD_LIBRARIES = YES;
				CODE_SIGN_STYLE = Automatic;
				CURRENT_PROJECT_VERSION = 1;
				DEVELOPMENT_TEAM = 2LU5YZ7R3G;
				GENERATE_INFOPLIST_FILE = YES;
				MARKETING_VERSION = 1.0;
				PRODUCT_BUNDLE_IDENTIFIER = com.stefanjivalino.CoupskiUITests;
				PRODUCT_NAME = "$(TARGET_NAME)";
				SWIFT_EMIT_LOC_STRINGS = NO;
				SWIFT_VERSION = 5.0;
				TARGETED_DEVICE_FAMILY = "1,2";
				TEST_TARGET_NAME = Coupski;
			};
			name = Debug;
		};
		0BD494932A8689EE0023107A /* Release */ = {
			isa = XCBuildConfiguration;
			baseConfigurationReference = 00C6C3CCAFC6AE4B48150D3F /* Pods-Coupski-CoupskiUITests.release.xcconfig */;
			buildSettings = {
				ALWAYS_EMBED_SWIFT_STANDARD_LIBRARIES = YES;
				CODE_SIGN_STYLE = Automatic;
				CURRENT_PROJECT_VERSION = 1;
				DEVELOPMENT_TEAM = 2LU5YZ7R3G;
				GENERATE_INFOPLIST_FILE = YES;
				MARKETING_VERSION = 1.0;
				PRODUCT_BUNDLE_IDENTIFIER = com.stefanjivalino.CoupskiUITests;
				PRODUCT_NAME = "$(TARGET_NAME)";
				SWIFT_EMIT_LOC_STRINGS = NO;
				SWIFT_VERSION = 5.0;
				TARGETED_DEVICE_FAMILY = "1,2";
				TEST_TARGET_NAME = Coupski;
			};
			name = Release;
		};
/* End XCBuildConfiguration section */

/* Begin XCConfigurationList section */
		0BD494592A8689ED0023107A /* Build configuration list for PBXProject "Coupski" */ = {
			isa = XCConfigurationList;
			buildConfigurations = (
				0BD494892A8689EE0023107A /* Debug */,
				0BD4948A2A8689EE0023107A /* Release */,
			);
			defaultConfigurationIsVisible = 0;
			defaultConfigurationName = Release;
		};
		0BD4948B2A8689EE0023107A /* Build configuration list for PBXNativeTarget "Coupski" */ = {
			isa = XCConfigurationList;
			buildConfigurations = (
				0BD4948C2A8689EE0023107A /* Debug */,
				0BD4948D2A8689EE0023107A /* Release */,
			);
			defaultConfigurationIsVisible = 0;
			defaultConfigurationName = Release;
		};
		0BD4948E2A8689EE0023107A /* Build configuration list for PBXNativeTarget "CoupskiTests" */ = {
			isa = XCConfigurationList;
			buildConfigurations = (
				0BD4948F2A8689EE0023107A /* Debug */,
				0BD494902A8689EE0023107A /* Release */,
			);
			defaultConfigurationIsVisible = 0;
			defaultConfigurationName = Release;
		};
		0BD494912A8689EE0023107A /* Build configuration list for PBXNativeTarget "CoupskiUITests" */ = {
			isa = XCConfigurationList;
			buildConfigurations = (
				0BD494922A8689EE0023107A /* Debug */,
				0BD494932A8689EE0023107A /* Release */,
			);
			defaultConfigurationIsVisible = 0;
			defaultConfigurationName = Release;
		};
/* End XCConfigurationList section */

/* Begin XCVersionGroup section */
		0BD4946A2A8689ED0023107A /* Coupski.xcdatamodeld */ = {
			isa = XCVersionGroup;
			children = (
				0BD4946B2A8689ED0023107A /* Coupski.xcdatamodel */,
			);
			currentVersion = 0BD4946B2A8689ED0023107A /* Coupski.xcdatamodel */;
			path = Coupski.xcdatamodeld;
			sourceTree = "<group>";
			versionGroupType = wrapper.xcdatamodel;
		};
/* End XCVersionGroup section */
	};
	rootObject = 0BD494562A8689ED0023107A /* Project object */;
}
